
Microsoft Visual Studio Solution File, Format Version 12.00
# Visual Studio Version 17
VisualStudioVersion = 17.2.32516.85
MinimumVisualStudioVersion = 10.0.40219.1
Project("{FAE04EC0-301F-11D3-BF4B-00C04F79EFBC}") = "ProtaBot_v1.0", "ProtaBot_v1.0.csproj", "{08A32E55-F62F-4FB8-9012-EDBFEECDD894}"
EndProject
Global
	GlobalSection(SolutionConfigurationPlatforms) = preSolution
		Debug|Any CPU = Debug|Any CPU
		Release|Any CPU = Release|Any CPU
	EndGlobalSection
	GlobalSection(ProjectConfigurationPlatforms) = postSolution
		{08A32E55-F62F-4FB8-9012-EDBFEECDD894}.Debug|Any CPU.ActiveCfg = Debug|Any CPU
		{08A32E55-F62F-4FB8-9012-EDBFEECDD894}.Debug|Any CPU.Build.0 = Debug|Any CPU
		{08A32E55-F62F-4FB8-9012-EDBFEECDD894}.Release|Any CPU.ActiveCfg = Release|Any CPU
		{08A32E55-F62F-4FB8-9012-EDBFEECDD894}.Release|Any CPU.Build.0 = Release|Any CPU
	EndGlobalSection
	GlobalSection(SolutionProperties) = preSolution
		HideSolutionNode = FALSE
	EndGlobalSection
	GlobalSection(ExtensibilityGlobals) = postSolution
		SolutionGuid = {B161BF70-A485-4D9E-9A2C-760A1ACB7BD0}
	EndGlobalSection
EndGlobal
